
Microsoft Visual Studio Solution File, Format Version 12.00
# Visual Studio 15
VisualStudioVersion = 15.0.28010.2036
MinimumVisualStudioVersion = 10.0.40219.1
Project("{FAE04EC0-301F-11D3-BF4B-00C04F79EFBC}") = "Snake", "Snake\Snake.csproj", "{67815CD3-82D5-40F9-B573-0177D8A7F73E}"
EndProject
Global
	GlobalSection(SolutionConfigurationPlatforms) = preSolution
		Debug|Any CPU = Debug|Any CPU
		Release|Any CPU = Release|Any CPU
	EndGlobalSection
	GlobalSection(ProjectConfigurationPlatforms) = postSolution
		{67815CD3-82D5-40F9-B573-0177D8A7F73E}.Debug|Any CPU.ActiveCfg = Debug|Any CPU
		{67815CD3-82D5-40F9-B573-0177D8A7F73E}.Debug|Any CPU.Build.0 = Debug|Any CPU
		{67815CD3-82D5-40F9-B573-0177D8A7F73E}.Release|Any CPU.ActiveCfg = Release|Any CPU
		{67815CD3-82D5-40F9-B573-0177D8A7F73E}.Release|Any CPU.Build.0 = Release|Any CPU
	EndGlobalSection
	GlobalSection(SolutionProperties) = preSolution
		HideSolutionNode = FALSE
	EndGlobalSection
	GlobalSection(ExtensibilityGlobals) = postSolution
		SolutionGuid = {8F5C968B-1B60-4404-B887-C641E7B6AE71}
	EndGlobalSection
EndGlobal
